// !$*UTF8*$!
{
	archiveVersion = 1;
	classes = {
	};
	objectVersion = 55;
	objects = {

/* Begin PBXBuildFile section */
		F3E367DE282ADA200066F036 /* AppDelegate.swift in Sources */ = {isa = PBXBuildFile; fileRef = F3E367DD282ADA200066F036 /* AppDelegate.swift */; };
		F3E367E0282ADA200066F036 /* SceneDelegate.swift in Sources */ = {isa = PBXBuildFile; fileRef = F3E367DF282ADA200066F036 /* SceneDelegate.swift */; };
		F3E367E2282ADA200066F036 /* ViewController.swift in Sources */ = {isa = PBXBuildFile; fileRef = F3E367E1282ADA200066F036 /* ViewController.swift */; };
		F3E367E5282ADA200066F036 /* Main.storyboard in Resources */ = {isa = PBXBuildFile; fileRef = F3E367E3282ADA200066F036 /* Main.storyboard */; };
		F3E367E7282ADA200066F036 /* Assets.xcassets in Resources */ = {isa = PBXBuildFile; fileRef = F3E367E6282ADA200066F036 /* Assets.xcassets */; };
		F3E367EA282ADA200066F036 /* LaunchScreen.storyboard in Resources */ = {isa = PBXBuildFile; fileRef = F3E367E8282ADA200066F036 /* LaunchScreen.storyboard */; };
/* End PBXBuildFile section */

/* Begin PBXContainerItemProxy section */
		F3D80188283F911100232E82 /* PBXContainerItemProxy */ = {
			isa = PBXContainerItemProxy;
			containerPortal = F3D80184283F911100232E82 /* HomeWork 1.xcodeproj */;
			proxyType = 2;
			remoteGlobalIDString = F364A301282D5B2300893F8E;
			remoteInfo = HomeWork1;
		};
		F3D80199283F911700232E82 /* PBXContainerItemProxy */ = {
			isa = PBXContainerItemProxy;
			containerPortal = F3D8018B283F911700232E82 /* HomeWork 2.xcodeproj */;
			proxyType = 2;
			remoteGlobalIDString = F3ACE11A283153F60079FB12;
			remoteInfo = HomeWork2;
		};
		F3D801AA283F912700232E82 /* PBXContainerItemProxy */ = {
			isa = PBXContainerItemProxy;
			containerPortal = F3D801A6283F912700232E82 /* HomeWork 3.xcodeproj */;
			proxyType = 2;
			remoteGlobalIDString = F3C3B38E2834FF2F0074F759;
			remoteInfo = HomeWork3;
		};
		F3D801BD283F912B00232E82 /* PBXContainerItemProxy */ = {
			isa = PBXContainerItemProxy;
			containerPortal = F3D801AD283F912B00232E82 /* HomeWork.xcodeproj */;
			proxyType = 2;
			remoteGlobalIDString = F3E367DA282ADA200066F036;
			remoteInfo = HomeWork;
		};
/* End PBXContainerItemProxy section */

/* Begin PBXFileReference section */
		F3D8017B283F911100232E82 /* ViewController.swift */ = {isa = PBXFileReference; lastKnownFileType = sourcecode.swift; path = ViewController.swift; sourceTree = "<group>"; };
		F3D8017C283F911100232E82 /* Assets.xcassets */ = {isa = PBXFileReference; lastKnownFileType = folder.assetcatalog; path = Assets.xcassets; sourceTree = "<group>"; };
		F3D8017E283F911100232E82 /* Base */ = {isa = PBXFileReference; lastKnownFileType = file.storyboard; name = Base; path = Base.lproj/LaunchScreen.storyboard; sourceTree = "<group>"; };
		F3D80180283F911100232E82 /* Base */ = {isa = PBXFileReference; lastKnownFileType = file.storyboard; name = Base; path = Base.lproj/Main.storyboard; sourceTree = "<group>"; };
		F3D80181283F911100232E82 /* AppDelegate.swift */ = {isa = PBXFileReference; lastKnownFileType = sourcecode.swift; path = AppDelegate.swift; sourceTree = "<group>"; };
		F3D80182283F911100232E82 /* Info.plist */ = {isa = PBXFileReference; lastKnownFileType = text.plist.xml; path = Info.plist; sourceTree = "<group>"; };
		F3D80183283F911100232E82 /* SceneDelegate.swift */ = {isa = PBXFileReference; lastKnownFileType = sourcecode.swift; path = SceneDelegate.swift; sourceTree = "<group>"; };
		F3D80184283F911100232E82 /* HomeWork 1.xcodeproj */ = {isa = PBXFileReference; lastKnownFileType = "wrapper.pb-project"; path = "HomeWork 1.xcodeproj"; sourceTree = "<group>"; };
		F3D8018B283F911700232E82 /* HomeWork 2.xcodeproj */ = {isa = PBXFileReference; lastKnownFileType = "wrapper.pb-project"; path = "HomeWork 2.xcodeproj"; sourceTree = "<group>"; };
		F3D8018F283F911700232E82 /* ViewController.swift */ = {isa = PBXFileReference; lastKnownFileType = sourcecode.swift; path = ViewController.swift; sourceTree = "<group>"; };
		F3D80190283F911700232E82 /* Assets.xcassets */ = {isa = PBXFileReference; lastKnownFileType = folder.assetcatalog; path = Assets.xcassets; sourceTree = "<group>"; };
		F3D80192283F911700232E82 /* Base */ = {isa = PBXFileReference; lastKnownFileType = file.storyboard; name = Base; path = Base.lproj/LaunchScreen.storyboard; sourceTree = "<group>"; };
		F3D80194283F911700232E82 /* Base */ = {isa = PBXFileReference; lastKnownFileType = file.storyboard; name = Base; path = Base.lproj/Main.storyboard; sourceTree = "<group>"; };
		F3D80195283F911700232E82 /* AppDelegate.swift */ = {isa = PBXFileReference; lastKnownFileType = sourcecode.swift; path = AppDelegate.swift; sourceTree = "<group>"; };
		F3D80196283F911700232E82 /* Info.plist */ = {isa = PBXFileReference; lastKnownFileType = text.plist.xml; path = Info.plist; sourceTree = "<group>"; };
		F3D80197283F911700232E82 /* SceneDelegate.swift */ = {isa = PBXFileReference; lastKnownFileType = sourcecode.swift; path = SceneDelegate.swift; sourceTree = "<group>"; };
		F3D8019D283F912700232E82 /* ViewController.swift */ = {isa = PBXFileReference; lastKnownFileType = sourcecode.swift; path = ViewController.swift; sourceTree = "<group>"; };
		F3D8019E283F912700232E82 /* Assets.xcassets */ = {isa = PBXFileReference; lastKnownFileType = folder.assetcatalog; path = Assets.xcassets; sourceTree = "<group>"; };
		F3D801A0283F912700232E82 /* Base */ = {isa = PBXFileReference; lastKnownFileType = file.storyboard; name = Base; path = Base.lproj/LaunchScreen.storyboard; sourceTree = "<group>"; };
		F3D801A2283F912700232E82 /* Base */ = {isa = PBXFileReference; lastKnownFileType = file.storyboard; name = Base; path = Base.lproj/Main.storyboard; sourceTree = "<group>"; };
		F3D801A3283F912700232E82 /* AppDelegate.swift */ = {isa = PBXFileReference; lastKnownFileType = sourcecode.swift; path = AppDelegate.swift; sourceTree = "<group>"; };
		F3D801A4283F912700232E82 /* Info.plist */ = {isa = PBXFileReference; lastKnownFileType = text.plist.xml; path = Info.plist; sourceTree = "<group>"; };
		F3D801A5283F912700232E82 /* SceneDelegate.swift */ = {isa = PBXFileReference; lastKnownFileType = sourcecode.swift; path = SceneDelegate.swift; sourceTree = "<group>"; };
		F3D801A6283F912700232E82 /* HomeWork 3.xcodeproj */ = {isa = PBXFileReference; lastKnownFileType = "wrapper.pb-project"; path = "HomeWork 3.xcodeproj"; sourceTree = "<group>"; };
		F3D801AD283F912B00232E82 /* HomeWork.xcodeproj */ = {isa = PBXFileReference; lastKnownFileType = "wrapper.pb-project"; path = HomeWork.xcodeproj; sourceTree = "<group>"; };
		F3D801B1283F912B00232E82 /* ViewController.swift */ = {isa = PBXFileReference; lastKnownFileType = sourcecode.swift; path = ViewController.swift; sourceTree = "<group>"; };
		F3D801B2283F912B00232E82 /* Assets.xcassets */ = {isa = PBXFileReference; lastKnownFileType = folder.assetcatalog; path = Assets.xcassets; sourceTree = "<group>"; };
		F3D801B3283F912B00232E82 /* Pub.swift */ = {isa = PBXFileReference; lastKnownFileType = sourcecode.swift; path = Pub.swift; sourceTree = "<group>"; };
		F3D801B5283F912B00232E82 /* Base */ = {isa = PBXFileReference; lastKnownFileType = file.storyboard; name = Base; path = Base.lproj/LaunchScreen.storyboard; sourceTree = "<group>"; };
		F3D801B7283F912B00232E82 /* Base */ = {isa = PBXFileReference; lastKnownFileType = file.storyboard; name = Base; path = Base.lproj/Main.storyboard; sourceTree = "<group>"; };
		F3D801B8283F912B00232E82 /* Beer.swift */ = {isa = PBXFileReference; lastKnownFileType = sourcecode.swift; path = Beer.swift; sourceTree = "<group>"; };
		F3D801B9283F912B00232E82 /* AppDelegate.swift */ = {isa = PBXFileReference; lastKnownFileType = sourcecode.swift; path = AppDelegate.swift; sourceTree = "<group>"; };
		F3D801BA283F912B00232E82 /* Info.plist */ = {isa = PBXFileReference; lastKnownFileType = text.plist.xml; path = Info.plist; sourceTree = "<group>"; };
		F3D801BB283F912B00232E82 /* SceneDelegate.swift */ = {isa = PBXFileReference; lastKnownFileType = sourcecode.swift; path = SceneDelegate.swift; sourceTree = "<group>"; };
		F3E367DA282ADA200066F036 /* HomeWork.app */ = {isa = PBXFileReference; explicitFileType = wrapper.application; includeInIndex = 0; path = HomeWork.app; sourceTree = BUILT_PRODUCTS_DIR; };
		F3E367DD282ADA200066F036 /* AppDelegate.swift */ = {isa = PBXFileReference; lastKnownFileType = sourcecode.swift; path = AppDelegate.swift; sourceTree = "<group>"; };
		F3E367DF282ADA200066F036 /* SceneDelegate.swift */ = {isa = PBXFileReference; lastKnownFileType = sourcecode.swift; path = SceneDelegate.swift; sourceTree = "<group>"; };
		F3E367E1282ADA200066F036 /* ViewController.swift */ = {isa = PBXFileReference; lastKnownFileType = sourcecode.swift; path = ViewController.swift; sourceTree = "<group>"; };
		F3E367E4282ADA200066F036 /* Base */ = {isa = PBXFileReference; lastKnownFileType = file.storyboard; name = Base; path = Base.lproj/Main.storyboard; sourceTree = "<group>"; };
		F3E367E6282ADA200066F036 /* Assets.xcassets */ = {isa = PBXFileReference; lastKnownFileType = folder.assetcatalog; path = Assets.xcassets; sourceTree = "<group>"; };
		F3E367E9282ADA200066F036 /* Base */ = {isa = PBXFileReference; lastKnownFileType = file.storyboard; name = Base; path = Base.lproj/LaunchScreen.storyboard; sourceTree = "<group>"; };
		F3E367EB282ADA200066F036 /* Info.plist */ = {isa = PBXFileReference; lastKnownFileType = text.plist.xml; path = Info.plist; sourceTree = "<group>"; };
/* End PBXFileReference section */

/* Begin PBXFrameworksBuildPhase section */
		F3E367D7282ADA200066F036 /* Frameworks */ = {
			isa = PBXFrameworksBuildPhase;
			buildActionMask = 2147483647;
			files = (
			);
			runOnlyForDeploymentPostprocessing = 0;
		};
/* End PBXFrameworksBuildPhase section */

/* Begin PBXGroup section */
		F3D80179283F911100232E82 /* HomeWork 1 */ = {
			isa = PBXGroup;
			children = (
				F3D8017A283F911100232E82 /* HomeWork 1 */,
				F3D80184283F911100232E82 /* HomeWork 1.xcodeproj */,
			);
			path = "HomeWork 1";
			sourceTree = "<group>";
		};
		F3D8017A283F911100232E82 /* HomeWork 1 */ = {
			isa = PBXGroup;
			children = (
				F3D8017B283F911100232E82 /* ViewController.swift */,
				F3D8017C283F911100232E82 /* Assets.xcassets */,
				F3D8017D283F911100232E82 /* LaunchScreen.storyboard */,
				F3D8017F283F911100232E82 /* Main.storyboard */,
				F3D80181283F911100232E82 /* AppDelegate.swift */,
				F3D80182283F911100232E82 /* Info.plist */,
				F3D80183283F911100232E82 /* SceneDelegate.swift */,
			);
			path = "HomeWork 1";
			sourceTree = "<group>";
		};
		F3D80185283F911100232E82 /* Products */ = {
			isa = PBXGroup;
			children = (
				F3D80189283F911100232E82 /* HomeWork1.app */,
			);
			name = Products;
			sourceTree = "<group>";
		};
		F3D8018A283F911700232E82 /* HomeWork 2 */ = {
			isa = PBXGroup;
			children = (
				F3D8018B283F911700232E82 /* HomeWork 2.xcodeproj */,
				F3D8018E283F911700232E82 /* HomeWork 2 */,
			);
			path = "HomeWork 2";
			sourceTree = "<group>";
		};
		F3D8018C283F911700232E82 /* Products */ = {
			isa = PBXGroup;
			children = (
				F3D8019A283F911700232E82 /* HomeWork2.app */,
			);
			name = Products;
			sourceTree = "<group>";
		};
		F3D8018E283F911700232E82 /* HomeWork 2 */ = {
			isa = PBXGroup;
			children = (
				F3D8018F283F911700232E82 /* ViewController.swift */,
				F3D80190283F911700232E82 /* Assets.xcassets */,
				F3D80191283F911700232E82 /* LaunchScreen.storyboard */,
				F3D80193283F911700232E82 /* Main.storyboard */,
				F3D80195283F911700232E82 /* AppDelegate.swift */,
				F3D80196283F911700232E82 /* Info.plist */,
				F3D80197283F911700232E82 /* SceneDelegate.swift */,
			);
			path = "HomeWork 2";
			sourceTree = "<group>";
		};
		F3D8019B283F912700232E82 /* HomeWork 3 */ = {
			isa = PBXGroup;
			children = (
				F3D8019C283F912700232E82 /* HomeWork 3 */,
				F3D801A6283F912700232E82 /* HomeWork 3.xcodeproj */,
			);
			path = "HomeWork 3";
			sourceTree = "<group>";
		};
		F3D8019C283F912700232E82 /* HomeWork 3 */ = {
			isa = PBXGroup;
			children = (
				F3D8019D283F912700232E82 /* ViewController.swift */,
				F3D8019E283F912700232E82 /* Assets.xcassets */,
				F3D8019F283F912700232E82 /* LaunchScreen.storyboard */,
				F3D801A1283F912700232E82 /* Main.storyboard */,
				F3D801A3283F912700232E82 /* AppDelegate.swift */,
				F3D801A4283F912700232E82 /* Info.plist */,
				F3D801A5283F912700232E82 /* SceneDelegate.swift */,
			);
			path = "HomeWork 3";
			sourceTree = "<group>";
		};
		F3D801A7283F912700232E82 /* Products */ = {
			isa = PBXGroup;
			children = (
				F3D801AB283F912700232E82 /* HomeWork3.app */,
			);
			name = Products;
			sourceTree = "<group>";
		};
		F3D801AC283F912B00232E82 /* HomeWork 4 not finished */ = {
			isa = PBXGroup;
			children = (
				F3D801AD283F912B00232E82 /* HomeWork.xcodeproj */,
				F3D801B0283F912B00232E82 /* HomeWork 4 */,
			);
			path = "HomeWork 4 not finished";
			sourceTree = "<group>";
		};
		F3D801AE283F912B00232E82 /* Products */ = {
			isa = PBXGroup;
			children = (
				F3D801BE283F912B00232E82 /* HomeWork.app */,
			);
			name = Products;
			sourceTree = "<group>";
		};
		F3D801B0283F912B00232E82 /* HomeWork 4 */ = {
			isa = PBXGroup;
			children = (
				F3D801B1283F912B00232E82 /* ViewController.swift */,
				F3D801B2283F912B00232E82 /* Assets.xcassets */,
				F3D801B3283F912B00232E82 /* Pub.swift */,
				F3D801B4283F912B00232E82 /* LaunchScreen.storyboard */,
				F3D801B6283F912B00232E82 /* Main.storyboard */,
				F3D801B8283F912B00232E82 /* Beer.swift */,
				F3D801B9283F912B00232E82 /* AppDelegate.swift */,
				F3D801BA283F912B00232E82 /* Info.plist */,
				F3D801BB283F912B00232E82 /* SceneDelegate.swift */,
			);
			path = "HomeWork 4";
			sourceTree = "<group>";
		};
		F3E367D1282ADA200066F036 = {
			isa = PBXGroup;
			children = (
				F3E367DC282ADA200066F036 /* HomeWork */,
				F3E367DB282ADA200066F036 /* Products */,
			);
			sourceTree = "<group>";
		};
		F3E367DB282ADA200066F036 /* Products */ = {
			isa = PBXGroup;
			children = (
				F3E367DA282ADA200066F036 /* HomeWork.app */,
			);
			name = Products;
			sourceTree = "<group>";
		};
		F3E367DC282ADA200066F036 /* HomeWork */ = {
			isa = PBXGroup;
			children = (
				F3D80179283F911100232E82 /* HomeWork 1 */,
				F3D8018A283F911700232E82 /* HomeWork 2 */,
				F3D8019B283F912700232E82 /* HomeWork 3 */,
				F3D801AC283F912B00232E82 /* HomeWork 4 not finished */,
				F3E367DD282ADA200066F036 /* AppDelegate.swift */,
				F3E367DF282ADA200066F036 /* SceneDelegate.swift */,
				F3E367E1282ADA200066F036 /* ViewController.swift */,
				F3E367E3282ADA200066F036 /* Main.storyboard */,
				F3E367E6282ADA200066F036 /* Assets.xcassets */,
				F3E367E8282ADA200066F036 /* LaunchScreen.storyboard */,
				F3E367EB282ADA200066F036 /* Info.plist */,
			);
			path = HomeWork;
			sourceTree = "<group>";
		};
/* End PBXGroup section */

/* Begin PBXNativeTarget section */
		F3E367D9282ADA200066F036 /* HomeWork */ = {
			isa = PBXNativeTarget;
			buildConfigurationList = F3E367EE282ADA200066F036 /* Build configuration list for PBXNativeTarget "HomeWork" */;
			buildPhases = (
				F3E367D6282ADA200066F036 /* Sources */,
				F3E367D7282ADA200066F036 /* Frameworks */,
				F3E367D8282ADA200066F036 /* Resources */,
			);
			buildRules = (
			);
			dependencies = (
			);
			name = HomeWork;
			productName = HomeWork;
			productReference = F3E367DA282ADA200066F036 /* HomeWork.app */;
			productType = "com.apple.product-type.application";
		};
/* End PBXNativeTarget section */

/* Begin PBXProject section */
		F3E367D2282ADA200066F036 /* Project object */ = {
			isa = PBXProject;
			attributes = {
				BuildIndependentTargetsInParallel = 1;
				LastSwiftUpdateCheck = 1330;
				LastUpgradeCheck = 1330;
				TargetAttributes = {
					F3E367D9282ADA200066F036 = {
						CreatedOnToolsVersion = 13.3.1;
					};
				};
			};
			buildConfigurationList = F3E367D5282ADA200066F036 /* Build configuration list for PBXProject "HomeWork" */;
			compatibilityVersion = "Xcode 13.0";
			developmentRegion = en;
			hasScannedForEncodings = 0;
			knownRegions = (
				en,
				Base,
			);
			mainGroup = F3E367D1282ADA200066F036;
			productRefGroup = F3E367DB282ADA200066F036 /* Products */;
			projectDirPath = "";
			projectReferences = (
				{
					ProductGroup = F3D80185283F911100232E82 /* Products */;
					ProjectRef = F3D80184283F911100232E82 /* HomeWork 1.xcodeproj */;
				},
				{
					ProductGroup = F3D8018C283F911700232E82 /* Products */;
					ProjectRef = F3D8018B283F911700232E82 /* HomeWork 2.xcodeproj */;
				},
				{
					ProductGroup = F3D801A7283F912700232E82 /* Products */;
					ProjectRef = F3D801A6283F912700232E82 /* HomeWork 3.xcodeproj */;
				},
				{
					ProductGroup = F3D801AE283F912B00232E82 /* Products */;
					ProjectRef = F3D801AD283F912B00232E82 /* HomeWork.xcodeproj */;
				},
			);
			projectRoot = "";
			targets = (
				F3E367D9282ADA200066F036 /* HomeWork */,
			);
		};
/* End PBXProject section */

/* Begin PBXReferenceProxy section */
		F3D80189283F911100232E82 /* HomeWork1.app */ = {
			isa = PBXReferenceProxy;
			fileType = wrapper.application;
			path = HomeWork1.app;
			remoteRef = F3D80188283F911100232E82 /* PBXContainerItemProxy */;
			sourceTree = BUILT_PRODUCTS_DIR;
		};
		F3D8019A283F911700232E82 /* HomeWork2.app */ = {
			isa = PBXReferenceProxy;
			fileType = wrapper.application;
			path = HomeWork2.app;
			remoteRef = F3D80199283F911700232E82 /* PBXContainerItemProxy */;
			sourceTree = BUILT_PRODUCTS_DIR;
		};
		F3D801AB283F912700232E82 /* HomeWork3.app */ = {
			isa = PBXReferenceProxy;
			fileType = wrapper.application;
			path = HomeWork3.app;
			remoteRef = F3D801AA283F912700232E82 /* PBXContainerItemProxy */;
			sourceTree = BUILT_PRODUCTS_DIR;
		};
		F3D801BE283F912B00232E82 /* HomeWork.app */ = {
			isa = PBXReferenceProxy;
			fileType = wrapper.application;
			path = HomeWork.app;
			remoteRef = F3D801BD283F912B00232E82 /* PBXContainerItemProxy */;
			sourceTree = BUILT_PRODUCTS_DIR;
		};
/* End PBXReferenceProxy section */

/* Begin PBXResourcesBuildPhase section */
		F3E367D8282ADA200066F036 /* Resources */ = {
			isa = PBXResourcesBuildPhase;
			buildActionMask = 2147483647;
			files = (
				F3E367EA282ADA200066F036 /* LaunchScreen.storyboard in Resources */,
				F3E367E7282ADA200066F036 /* Assets.xcassets in Resources */,
				F3E367E5282ADA200066F036 /* Main.storyboard in Resources */,
			);
			runOnlyForDeploymentPostprocessing = 0;
		};
/* End PBXResourcesBuildPhase section */

/* Begin PBXSourcesBuildPhase section */
		F3E367D6282ADA200066F036 /* Sources */ = {
			isa = PBXSourcesBuildPhase;
			buildActionMask = 2147483647;
			files = (
				F3E367E2282ADA200066F036 /* ViewController.swift in Sources */,
				F3E367DE282ADA200066F036 /* AppDelegate.swift in Sources */,
				F3E367E0282ADA200066F036 /* SceneDelegate.swift in Sources */,
			);
			runOnlyForDeploymentPostprocessing = 0;
		};
/* End PBXSourcesBuildPhase section */

/* Begin PBXVariantGroup section */
		F3D8017D283F911100232E82 /* LaunchScreen.storyboard */ = {
			isa = PBXVariantGroup;
			children = (
				F3D8017E283F911100232E82 /* Base */,
			);
			name = LaunchScreen.storyboard;
			sourceTree = "<group>";
		};
		F3D8017F283F911100232E82 /* Main.storyboard */ = {
			isa = PBXVariantGroup;
			children = (
				F3D80180283F911100232E82 /* Base */,
			);
			name = Main.storyboard;
			sourceTree = "<group>";
		};
		F3D80191283F911700232E82 /* LaunchScreen.storyboard */ = {
			isa = PBXVariantGroup;
			children = (
				F3D80192283F911700232E82 /* Base */,
			);
			name = LaunchScreen.storyboard;
			sourceTree = "<group>";
		};
		F3D80193283F911700232E82 /* Main.storyboard */ = {
			isa = PBXVariantGroup;
			children = (
				F3D80194283F911700232E82 /* Base */,
			);
			name = Main.storyboard;
			sourceTree = "<group>";
		};
		F3D8019F283F912700232E82 /* LaunchScreen.storyboard */ = {
			isa = PBXVariantGroup;
			children = (
				F3D801A0283F912700232E82 /* Base */,
			);
			name = LaunchScreen.storyboard;
			sourceTree = "<group>";
		};
		F3D801A1283F912700232E82 /* Main.storyboard */ = {
			isa = PBXVariantGroup;
			children = (
				F3D801A2283F912700232E82 /* Base */,
			);
			name = Main.storyboard;
			sourceTree = "<group>";
		};
		F3D801B4283F912B00232E82 /* LaunchScreen.storyboard */ = {
			isa = PBXVariantGroup;
			children = (
				F3D801B5283F912B00232E82 /* Base */,
			);
			name = LaunchScreen.storyboard;
			sourceTree = "<group>";
		};
		F3D801B6283F912B00232E82 /* Main.storyboard */ = {
			isa = PBXVariantGroup;
			children = (
				F3D801B7283F912B00232E82 /* Base */,
			);
			name = Main.storyboard;
			sourceTree = "<group>";
		};
		F3E367E3282ADA200066F036 /* Main.storyboard */ = {
			isa = PBXVariantGroup;
			children = (
				F3E367E4282ADA200066F036 /* Base */,
			);
			name = Main.storyboard;
			sourceTree = "<group>";
		};
		F3E367E8282ADA200066F036 /* LaunchScreen.storyboard */ = {
			isa = PBXVariantGroup;
			children = (
				F3E367E9282ADA200066F036 /* Base */,
			);
			name = LaunchScreen.storyboard;
			sourceTree = "<group>";
		};
/* End PBXVariantGroup section */

/* Begin XCBuildConfiguration section */
		F3E367EC282ADA200066F036 /* Debug */ = {
			isa = XCBuildConfiguration;
			buildSettings = {
				ALWAYS_SEARCH_USER_PATHS = NO;
				CLANG_ANALYZER_NONNULL = YES;
				CLANG_ANALYZER_NUMBER_OBJECT_CONVERSION = YES_AGGRESSIVE;
				CLANG_CXX_LANGUAGE_STANDARD = "gnu++17";
				CLANG_ENABLE_MODULES = YES;
				CLANG_ENABLE_OBJC_ARC = YES;
				CLANG_ENABLE_OBJC_WEAK = YES;
				CLANG_WARN_BLOCK_CAPTURE_AUTORELEASING = YES;
				CLANG_WARN_BOOL_CONVERSION = YES;
				CLANG_WARN_COMMA = YES;
				CLANG_WARN_CONSTANT_CONVERSION = YES;
				CLANG_WARN_DEPRECATED_OBJC_IMPLEMENTATIONS = YES;
				CLANG_WARN_DIRECT_OBJC_ISA_USAGE = YES_ERROR;
				CLANG_WARN_DOCUMENTATION_COMMENTS = YES;
				CLANG_WARN_EMPTY_BODY = YES;
				CLANG_WARN_ENUM_CONVERSION = YES;
				CLANG_WARN_INFINITE_RECURSION = YES;
				CLANG_WARN_INT_CONVERSION = YES;
				CLANG_WARN_NON_LITERAL_NULL_CONVERSION = YES;
				CLANG_WARN_OBJC_IMPLICIT_RETAIN_SELF = YES;
				CLANG_WARN_OBJC_LITERAL_CONVERSION = YES;
				CLANG_WARN_OBJC_ROOT_CLASS = YES_ERROR;
				CLANG_WARN_QUOTED_INCLUDE_IN_FRAMEWORK_HEADER = YES;
				CLANG_WARN_RANGE_LOOP_ANALYSIS = YES;
				CLANG_WARN_STRICT_PROTOTYPES = YES;
				CLANG_WARN_SUSPICIOUS_MOVE = YES;
				CLANG_WARN_UNGUARDED_AVAILABILITY = YES_AGGRESSIVE;
				CLANG_WARN_UNREACHABLE_CODE = YES;
				CLANG_WARN__DUPLICATE_METHOD_MATCH = YES;
				COPY_PHASE_STRIP = NO;
				DEBUG_INFORMATION_FORMAT = dwarf;
				ENABLE_STRICT_OBJC_MSGSEND = YES;
				ENABLE_TESTABILITY = YES;
				GCC_C_LANGUAGE_STANDARD = gnu11;
				GCC_DYNAMIC_NO_PIC = NO;
				GCC_NO_COMMON_BLOCKS = YES;
				GCC_OPTIMIZATION_LEVEL = 0;
				GCC_PREPROCESSOR_DEFINITIONS = (
					"DEBUG=1",
					"$(inherited)",
				);
				GCC_WARN_64_TO_32_BIT_CONVERSION = YES;
				GCC_WARN_ABOUT_RETURN_TYPE = YES_ERROR;
				GCC_WARN_UNDECLARED_SELECTOR = YES;
				GCC_WARN_UNINITIALIZED_AUTOS = YES_AGGRESSIVE;
				GCC_WARN_UNUSED_FUNCTION = YES;
				GCC_WARN_UNUSED_VARIABLE = YES;
				IPHONEOS_DEPLOYMENT_TARGET = 15.4;
				MTL_ENABLE_DEBUG_INFO = INCLUDE_SOURCE;
				MTL_FAST_MATH = YES;
				ONLY_ACTIVE_ARCH = YES;
				SDKROOT = iphoneos;
				SWIFT_ACTIVE_COMPILATION_CONDITIONS = DEBUG;
				SWIFT_OPTIMIZATION_LEVEL = "-Onone";
			};
			name = Debug;
		};
		F3E367ED282ADA200066F036 /* Release */ = {
			isa = XCBuildConfiguration;
			buildSettings = {
				ALWAYS_SEARCH_USER_PATHS = NO;
				CLANG_ANALYZER_NONNULL = YES;
				CLANG_ANALYZER_NUMBER_OBJECT_CONVERSION = YES_AGGRESSIVE;
				CLANG_CXX_LANGUAGE_STANDARD = "gnu++17";
				CLANG_ENABLE_MODULES = YES;
				CLANG_ENABLE_OBJC_ARC = YES;
				CLANG_ENABLE_OBJC_WEAK = YES;
				CLANG_WARN_BLOCK_CAPTURE_AUTORELEASING = YES;
				CLANG_WARN_BOOL_CONVERSION = YES;
				CLANG_WARN_COMMA = YES;
				CLANG_WARN_CONSTANT_CONVERSION = YES;
				CLANG_WARN_DEPRECATED_OBJC_IMPLEMENTATIONS = YES;
				CLANG_WARN_DIRECT_OBJC_ISA_USAGE = YES_ERROR;
				CLANG_WARN_DOCUMENTATION_COMMENTS = YES;
				CLANG_WARN_EMPTY_BODY = YES;
				CLANG_WARN_ENUM_CONVERSION = YES;
				CLANG_WARN_INFINITE_RECURSION = YES;
				CLANG_WARN_INT_CONVERSION = YES;
				CLANG_WARN_NON_LITERAL_NULL_CONVERSION = YES;
				CLANG_WARN_OBJC_IMPLICIT_RETAIN_SELF = YES;
				CLANG_WARN_OBJC_LITERAL_CONVERSION = YES;
				CLANG_WARN_OBJC_ROOT_CLASS = YES_ERROR;
				CLANG_WARN_QUOTED_INCLUDE_IN_FRAMEWORK_HEADER = YES;
				CLANG_WARN_RANGE_LOOP_ANALYSIS = YES;
				CLANG_WARN_STRICT_PROTOTYPES = YES;
				CLANG_WARN_SUSPICIOUS_MOVE = YES;
				CLANG_WARN_UNGUARDED_AVAILABILITY = YES_AGGRESSIVE;
				CLANG_WARN_UNREACHABLE_CODE = YES;
				CLANG_WARN__DUPLICATE_METHOD_MATCH = YES;
				COPY_PHASE_STRIP = NO;
				DEBUG_INFORMATION_FORMAT = "dwarf-with-dsym";
				ENABLE_NS_ASSERTIONS = NO;
				ENABLE_STRICT_OBJC_MSGSEND = YES;
				GCC_C_LANGUAGE_STANDARD = gnu11;
				GCC_NO_COMMON_BLOCKS = YES;
				GCC_WARN_64_TO_32_BIT_CONVERSION = YES;
				GCC_WARN_ABOUT_RETURN_TYPE = YES_ERROR;
				GCC_WARN_UNDECLARED_SELECTOR = YES;
				GCC_WARN_UNINITIALIZED_AUTOS = YES_AGGRESSIVE;
				GCC_WARN_UNUSED_FUNCTION = YES;
				GCC_WARN_UNUSED_VARIABLE = YES;
				IPHONEOS_DEPLOYMENT_TARGET = 15.4;
				MTL_ENABLE_DEBUG_INFO = NO;
				MTL_FAST_MATH = YES;
				SDKROOT = iphoneos;
				SWIFT_COMPILATION_MODE = wholemodule;
				SWIFT_OPTIMIZATION_LEVEL = "-O";
				VALIDATE_PRODUCT = YES;
			};
			name = Release;
		};
		F3E367EF282ADA200066F036 /* Debug */ = {
			isa = XCBuildConfiguration;
			buildSettings = {
				ASSETCATALOG_COMPILER_APPICON_NAME = AppIcon;
				ASSETCATALOG_COMPILER_GLOBAL_ACCENT_COLOR_NAME = AccentColor;
				CODE_SIGN_STYLE = Automatic;
				CURRENT_PROJECT_VERSION = 1;
				GENERATE_INFOPLIST_FILE = YES;
				INFOPLIST_FILE = HomeWork/Info.plist;
				INFOPLIST_KEY_UIApplicationSupportsIndirectInputEvents = YES;
				INFOPLIST_KEY_UILaunchStoryboardName = LaunchScreen;
				INFOPLIST_KEY_UIMainStoryboardFile = Main;
				INFOPLIST_KEY_UISupportedInterfaceOrientations_iPad = "UIInterfaceOrientationPortrait UIInterfaceOrientationPortraitUpsideDown UIInterfaceOrientationLandscapeLeft UIInterfaceOrientationLandscapeRight";
				INFOPLIST_KEY_UISupportedInterfaceOrientations_iPhone = "UIInterfaceOrientationPortrait UIInterfaceOrientationLandscapeLeft UIInterfaceOrientationLandscapeRight";
				LD_RUNPATH_SEARCH_PATHS = (
					"$(inherited)",
					"@executable_path/Frameworks",
				);
				MARKETING_VERSION = 1.0;
				PRODUCT_BUNDLE_IDENTIFIER = "-.HomeWork";
				PRODUCT_NAME = "$(TARGET_NAME)";
				SWIFT_EMIT_LOC_STRINGS = YES;
				SWIFT_VERSION = 5.0;
				TARGETED_DEVICE_FAMILY = 1;
			};
			name = Debug;
		};
		F3E367F0282ADA200066F036 /* Release */ = {
			isa = XCBuildConfiguration;
			buildSettings = {
				ASSETCATALOG_COMPILER_APPICON_NAME = AppIcon;
				ASSETCATALOG_COMPILER_GLOBAL_ACCENT_COLOR_NAME = AccentColor;
				CODE_SIGN_STYLE = Automatic;
				CURRENT_PROJECT_VERSION = 1;
				GENERATE_INFOPLIST_FILE = YES;
				INFOPLIST_FILE = HomeWork/Info.plist;
				INFOPLIST_KEY_UIApplicationSupportsIndirectInputEvents = YES;
				INFOPLIST_KEY_UILaunchStoryboardName = LaunchScreen;
				INFOPLIST_KEY_UIMainStoryboardFile = Main;
				INFOPLIST_KEY_UISupportedInterfaceOrientations_iPad = "UIInterfaceOrientationPortrait UIInterfaceOrientationPortraitUpsideDown UIInterfaceOrientationLandscapeLeft UIInterfaceOrientationLandscapeRight";
				INFOPLIST_KEY_UISupportedInterfaceOrientations_iPhone = "UIInterfaceOrientationPortrait UIInterfaceOrientationLandscapeLeft UIInterfaceOrientationLandscapeRight";
				LD_RUNPATH_SEARCH_PATHS = (
					"$(inherited)",
					"@executable_path/Frameworks",
				);
				MARKETING_VERSION = 1.0;
				PRODUCT_BUNDLE_IDENTIFIER = "-.HomeWork";
				PRODUCT_NAME = "$(TARGET_NAME)";
				SWIFT_EMIT_LOC_STRINGS = YES;
				SWIFT_VERSION = 5.0;
				TARGETED_DEVICE_FAMILY = 1;
			};
			name = Release;
		};
/* End XCBuildConfiguration section */

/* Begin XCConfigurationList section */
		F3E367D5282ADA200066F036 /* Build configuration list for PBXProject "HomeWork" */ = {
			isa = XCConfigurationList;
			buildConfigurations = (
				F3E367EC282ADA200066F036 /* Debug */,
				F3E367ED282ADA200066F036 /* Release */,
			);
			defaultConfigurationIsVisible = 0;
			defaultConfigurationName = Release;
		};
		F3E367EE282ADA200066F036 /* Build configuration list for PBXNativeTarget "HomeWork" */ = {
			isa = XCConfigurationList;
			buildConfigurations = (
				F3E367EF282ADA200066F036 /* Debug */,
				F3E367F0282ADA200066F036 /* Release */,
			);
			defaultConfigurationIsVisible = 0;
			defaultConfigurationName = Release;
		};
/* End XCConfigurationList section */
	};
	rootObject = F3E367D2282ADA200066F036 /* Project object */;
}
