// !$*UTF8*$!
{
	archiveVersion = 1;
	classes = {
	};
	objectVersion = 55;
	objects = {

/* Begin PBXBuildFile section */
		32A6512F286604A50035E19F /* Settings.storyboard in Resources */ = {isa = PBXBuildFile; fileRef = 32A6512E286604A50035E19F /* Settings.storyboard */; };
		32A65132286611C80035E19F /* HighScore.storyboard in Resources */ = {isa = PBXBuildFile; fileRef = 32A65131286611C80035E19F /* HighScore.storyboard */; };
		32A65134286614910035E19F /* StartGame.storyboard in Resources */ = {isa = PBXBuildFile; fileRef = 32A65133286614910035E19F /* StartGame.storyboard */; };
		32D6CFE9286342DA00B79552 /* AppDelegate.swift in Sources */ = {isa = PBXBuildFile; fileRef = 32D6CFE8286342DA00B79552 /* AppDelegate.swift */; };
		32D6CFEB286342DA00B79552 /* SceneDelegate.swift in Sources */ = {isa = PBXBuildFile; fileRef = 32D6CFEA286342DA00B79552 /* SceneDelegate.swift */; };
		32D6CFED286342DA00B79552 /* StartScreen.swift in Sources */ = {isa = PBXBuildFile; fileRef = 32D6CFEC286342DA00B79552 /* StartScreen.swift */; };
		32D6CFF0286342DA00B79552 /* Main.storyboard in Resources */ = {isa = PBXBuildFile; fileRef = 32D6CFEE286342DA00B79552 /* Main.storyboard */; };
		32D6CFF2286342DB00B79552 /* Assets.xcassets in Resources */ = {isa = PBXBuildFile; fileRef = 32D6CFF1286342DB00B79552 /* Assets.xcassets */; };
		32D6CFF5286342DB00B79552 /* LaunchScreen.storyboard in Resources */ = {isa = PBXBuildFile; fileRef = 32D6CFF3286342DB00B79552 /* LaunchScreen.storyboard */; };
		32D6CFFD28634C8B00B79552 /* HighScore.swift in Sources */ = {isa = PBXBuildFile; fileRef = 32D6CFFC28634C8B00B79552 /* HighScore.swift */; };
		32D6CFFF28634CC800B79552 /* Settings.swift in Sources */ = {isa = PBXBuildFile; fileRef = 32D6CFFE28634CC800B79552 /* Settings.swift */; };
		32D6D00128634CFA00B79552 /* StartGame.swift in Sources */ = {isa = PBXBuildFile; fileRef = 32D6D00028634CFA00B79552 /* StartGame.swift */; };
/* End PBXBuildFile section */

/* Begin PBXFileReference section */
		32A6512E286604A50035E19F /* Settings.storyboard */ = {isa = PBXFileReference; lastKnownFileType = file.storyboard; path = Settings.storyboard; sourceTree = "<group>"; };
		32A65131286611C80035E19F /* HighScore.storyboard */ = {isa = PBXFileReference; lastKnownFileType = file.storyboard; path = HighScore.storyboard; sourceTree = "<group>"; };
		32A65133286614910035E19F /* StartGame.storyboard */ = {isa = PBXFileReference; lastKnownFileType = file.storyboard; path = StartGame.storyboard; sourceTree = "<group>"; };
		32D6CFE5286342DA00B79552 /* HomeWork 10 Race 2D.app */ = {isa = PBXFileReference; explicitFileType = wrapper.application; includeInIndex = 0; path = "HomeWork 10 Race 2D.app"; sourceTree = BUILT_PRODUCTS_DIR; };
		32D6CFE8286342DA00B79552 /* AppDelegate.swift */ = {isa = PBXFileReference; lastKnownFileType = sourcecode.swift; path = AppDelegate.swift; sourceTree = "<group>"; };
		32D6CFEA286342DA00B79552 /* SceneDelegate.swift */ = {isa = PBXFileReference; lastKnownFileType = sourcecode.swift; path = SceneDelegate.swift; sourceTree = "<group>"; };
		32D6CFEC286342DA00B79552 /* StartScreen.swift */ = {isa = PBXFileReference; lastKnownFileType = sourcecode.swift; path = StartScreen.swift; sourceTree = "<group>"; };
		32D6CFEF286342DA00B79552 /* Base */ = {isa = PBXFileReference; lastKnownFileType = file.storyboard; name = Base; path = Base.lproj/Main.storyboard; sourceTree = "<group>"; };
		32D6CFF1286342DB00B79552 /* Assets.xcassets */ = {isa = PBXFileReference; lastKnownFileType = folder.assetcatalog; path = Assets.xcassets; sourceTree = "<group>"; };
		32D6CFF4286342DB00B79552 /* Base */ = {isa = PBXFileReference; lastKnownFileType = file.storyboard; name = Base; path = Base.lproj/LaunchScreen.storyboard; sourceTree = "<group>"; };
		32D6CFF6286342DB00B79552 /* Info.plist */ = {isa = PBXFileReference; lastKnownFileType = text.plist.xml; path = Info.plist; sourceTree = "<group>"; };
		32D6CFFC28634C8B00B79552 /* HighScore.swift */ = {isa = PBXFileReference; lastKnownFileType = sourcecode.swift; path = HighScore.swift; sourceTree = "<group>"; };
		32D6CFFE28634CC800B79552 /* Settings.swift */ = {isa = PBXFileReference; lastKnownFileType = sourcecode.swift; path = Settings.swift; sourceTree = "<group>"; };
		32D6D00028634CFA00B79552 /* StartGame.swift */ = {isa = PBXFileReference; lastKnownFileType = sourcecode.swift; path = StartGame.swift; sourceTree = "<group>"; };
/* End PBXFileReference section */

/* Begin PBXFrameworksBuildPhase section */
		32D6CFE2286342DA00B79552 /* Frameworks */ = {
			isa = PBXFrameworksBuildPhase;
			buildActionMask = 2147483647;
			files = (
			);
			runOnlyForDeploymentPostprocessing = 0;
		};
/* End PBXFrameworksBuildPhase section */

/* Begin PBXGroup section */
		32D6CFDC286342DA00B79552 = {
			isa = PBXGroup;
			children = (
				32D6CFE7286342DA00B79552 /* HomeWork 10 Race 2D */,
				32D6CFE6286342DA00B79552 /* Products */,
			);
			sourceTree = "<group>";
		};
		32D6CFE6286342DA00B79552 /* Products */ = {
			isa = PBXGroup;
			children = (
				32D6CFE5286342DA00B79552 /* HomeWork 10 Race 2D.app */,
			);
			name = Products;
			sourceTree = "<group>";
		};
		32D6CFE7286342DA00B79552 /* HomeWork 10 Race 2D */ = {
			isa = PBXGroup;
			children = (
				32D6CFE8286342DA00B79552 /* AppDelegate.swift */,
				32D6CFEA286342DA00B79552 /* SceneDelegate.swift */,
				32D6CFF3286342DB00B79552 /* LaunchScreen.storyboard */,
				32D6CFF6286342DB00B79552 /* Info.plist */,
				32D6CFEC286342DA00B79552 /* StartScreen.swift */,
				32D6CFEE286342DA00B79552 /* Main.storyboard */,
				32D6D00028634CFA00B79552 /* StartGame.swift */,
				32A65133286614910035E19F /* StartGame.storyboard */,
				32D6CFFE28634CC800B79552 /* Settings.swift */,
				32A6512E286604A50035E19F /* Settings.storyboard */,
				32D6CFFC28634C8B00B79552 /* HighScore.swift */,
				32A65131286611C80035E19F /* HighScore.storyboard */,
				32D6CFF1286342DB00B79552 /* Assets.xcassets */,
			);
			path = "HomeWork 10 Race 2D";
			sourceTree = "<group>";
		};
/* End PBXGroup section */

/* Begin PBXNativeTarget section */
		32D6CFE4286342DA00B79552 /* HomeWork 10 Race 2D */ = {
			isa = PBXNativeTarget;
			buildConfigurationList = 32D6CFF9286342DB00B79552 /* Build configuration list for PBXNativeTarget "HomeWork 10 Race 2D" */;
			buildPhases = (
				32D6CFE1286342DA00B79552 /* Sources */,
				32D6CFE2286342DA00B79552 /* Frameworks */,
				32D6CFE3286342DA00B79552 /* Resources */,
			);
			buildRules = (
			);
			dependencies = (
			);
			name = "HomeWork 10 Race 2D";
			productName = "HomeWork 10 Race 2D";
			productReference = 32D6CFE5286342DA00B79552 /* HomeWork 10 Race 2D.app */;
			productType = "com.apple.product-type.application";
		};
/* End PBXNativeTarget section */

/* Begin PBXProject section */
		32D6CFDD286342DA00B79552 /* Project object */ = {
			isa = PBXProject;
			attributes = {
				BuildIndependentTargetsInParallel = 1;
				LastSwiftUpdateCheck = 1340;
				LastUpgradeCheck = 1340;
				TargetAttributes = {
					32D6CFE4286342DA00B79552 = {
						CreatedOnToolsVersion = 13.4.1;
					};
				};
			};
			buildConfigurationList = 32D6CFE0286342DA00B79552 /* Build configuration list for PBXProject "HomeWork 10 Race 2D" */;
			compatibilityVersion = "Xcode 13.0";
			developmentRegion = en;
			hasScannedForEncodings = 0;
			knownRegions = (
				en,
				Base,
			);
			mainGroup = 32D6CFDC286342DA00B79552;
			productRefGroup = 32D6CFE6286342DA00B79552 /* Products */;
			projectDirPath = "";
			projectRoot = "";
			targets = (
				32D6CFE4286342DA00B79552 /* HomeWork 10 Race 2D */,
			);
		};
/* End PBXProject section */

/* Begin PBXResourcesBuildPhase section */
		32D6CFE3286342DA00B79552 /* Resources */ = {
			isa = PBXResourcesBuildPhase;
			buildActionMask = 2147483647;
			files = (
				32A65132286611C80035E19F /* HighScore.storyboard in Resources */,
				32D6CFF5286342DB00B79552 /* LaunchScreen.storyboard in Resources */,
				32D6CFF2286342DB00B79552 /* Assets.xcassets in Resources */,
				32D6CFF0286342DA00B79552 /* Main.storyboard in Resources */,
				32A6512F286604A50035E19F /* Settings.storyboard in Resources */,
				32A65134286614910035E19F /* StartGame.storyboard in Resources */,
			);
			runOnlyForDeploymentPostprocessing = 0;
		};
/* End PBXResourcesBuildPhase section */

/* Begin PBXSourcesBuildPhase section */
		32D6CFE1286342DA00B79552 /* Sources */ = {
			isa = PBXSourcesBuildPhase;
			buildActionMask = 2147483647;
			files = (
				32D6CFED286342DA00B79552 /* StartScreen.swift in Sources */,
				32D6CFE9286342DA00B79552 /* AppDelegate.swift in Sources */,
				32D6CFEB286342DA00B79552 /* SceneDelegate.swift in Sources */,
				32D6CFFD28634C8B00B79552 /* HighScore.swift in Sources */,
				32D6D00128634CFA00B79552 /* StartGame.swift in Sources */,
				32D6CFFF28634CC800B79552 /* Settings.swift in Sources */,
			);
			runOnlyForDeploymentPostprocessing = 0;
		};
/* End PBXSourcesBuildPhase section */

/* Begin PBXVariantGroup section */
		32D6CFEE286342DA00B79552 /* Main.storyboard */ = {
			isa = PBXVariantGroup;
			children = (
				32D6CFEF286342DA00B79552 /* Base */,
			);
			name = Main.storyboard;
			sourceTree = "<group>";
		};
		32D6CFF3286342DB00B79552 /* LaunchScreen.storyboard */ = {
			isa = PBXVariantGroup;
			children = (
				32D6CFF4286342DB00B79552 /* Base */,
			);
			name = LaunchScreen.storyboard;
			sourceTree = "<group>";
		};
/* End PBXVariantGroup section */

/* Begin XCBuildConfiguration section */
		32D6CFF7286342DB00B79552 /* Debug */ = {
			isa = XCBuildConfiguration;
			buildSettings = {
				ALWAYS_SEARCH_USER_PATHS = NO;
				CLANG_ANALYZER_NONNULL = YES;
				CLANG_ANALYZER_NUMBER_OBJECT_CONVERSION = YES_AGGRESSIVE;
				CLANG_CXX_LANGUAGE_STANDARD = "gnu++17";
				CLANG_ENABLE_MODULES = YES;
				CLANG_ENABLE_OBJC_ARC = YES;
				CLANG_ENABLE_OBJC_WEAK = YES;
				CLANG_WARN_BLOCK_CAPTURE_AUTORELEASING = YES;
				CLANG_WARN_BOOL_CONVERSION = YES;
				CLANG_WARN_COMMA = YES;
				CLANG_WARN_CONSTANT_CONVERSION = YES;
				CLANG_WARN_DEPRECATED_OBJC_IMPLEMENTATIONS = YES;
				CLANG_WARN_DIRECT_OBJC_ISA_USAGE = YES_ERROR;
				CLANG_WARN_DOCUMENTATION_COMMENTS = YES;
				CLANG_WARN_EMPTY_BODY = YES;
				CLANG_WARN_ENUM_CONVERSION = YES;
				CLANG_WARN_INFINITE_RECURSION = YES;
				CLANG_WARN_INT_CONVERSION = YES;
				CLANG_WARN_NON_LITERAL_NULL_CONVERSION = YES;
				CLANG_WARN_OBJC_IMPLICIT_RETAIN_SELF = YES;
				CLANG_WARN_OBJC_LITERAL_CONVERSION = YES;
				CLANG_WARN_OBJC_ROOT_CLASS = YES_ERROR;
				CLANG_WARN_QUOTED_INCLUDE_IN_FRAMEWORK_HEADER = YES;
				CLANG_WARN_RANGE_LOOP_ANALYSIS = YES;
				CLANG_WARN_STRICT_PROTOTYPES = YES;
				CLANG_WARN_SUSPICIOUS_MOVE = YES;
				CLANG_WARN_UNGUARDED_AVAILABILITY = YES_AGGRESSIVE;
				CLANG_WARN_UNREACHABLE_CODE = YES;
				CLANG_WARN__DUPLICATE_METHOD_MATCH = YES;
				COPY_PHASE_STRIP = NO;
				DEBUG_INFORMATION_FORMAT = dwarf;
				ENABLE_STRICT_OBJC_MSGSEND = YES;
				ENABLE_TESTABILITY = YES;
				GCC_C_LANGUAGE_STANDARD = gnu11;
				GCC_DYNAMIC_NO_PIC = NO;
				GCC_NO_COMMON_BLOCKS = YES;
				GCC_OPTIMIZATION_LEVEL = 0;
				GCC_PREPROCESSOR_DEFINITIONS = (
					"DEBUG=1",
					"$(inherited)",
				);
				GCC_WARN_64_TO_32_BIT_CONVERSION = YES;
				GCC_WARN_ABOUT_RETURN_TYPE = YES_ERROR;
				GCC_WARN_UNDECLARED_SELECTOR = YES;
				GCC_WARN_UNINITIALIZED_AUTOS = YES_AGGRESSIVE;
				GCC_WARN_UNUSED_FUNCTION = YES;
				GCC_WARN_UNUSED_VARIABLE = YES;
				IPHONEOS_DEPLOYMENT_TARGET = 15.5;
				MTL_ENABLE_DEBUG_INFO = INCLUDE_SOURCE;
				MTL_FAST_MATH = YES;
				ONLY_ACTIVE_ARCH = YES;
				SDKROOT = iphoneos;
				SWIFT_ACTIVE_COMPILATION_CONDITIONS = DEBUG;
				SWIFT_OPTIMIZATION_LEVEL = "-Onone";
			};
			name = Debug;
		};
		32D6CFF8286342DB00B79552 /* Release */ = {
			isa = XCBuildConfiguration;
			buildSettings = {
				ALWAYS_SEARCH_USER_PATHS = NO;
				CLANG_ANALYZER_NONNULL = YES;
				CLANG_ANALYZER_NUMBER_OBJECT_CONVERSION = YES_AGGRESSIVE;
				CLANG_CXX_LANGUAGE_STANDARD = "gnu++17";
				CLANG_ENABLE_MODULES = YES;
				CLANG_ENABLE_OBJC_ARC = YES;
				CLANG_ENABLE_OBJC_WEAK = YES;
				CLANG_WARN_BLOCK_CAPTURE_AUTORELEASING = YES;
				CLANG_WARN_BOOL_CONVERSION = YES;
				CLANG_WARN_COMMA = YES;
				CLANG_WARN_CONSTANT_CONVERSION = YES;
				CLANG_WARN_DEPRECATED_OBJC_IMPLEMENTATIONS = YES;
				CLANG_WARN_DIRECT_OBJC_ISA_USAGE = YES_ERROR;
				CLANG_WARN_DOCUMENTATION_COMMENTS = YES;
				CLANG_WARN_EMPTY_BODY = YES;
				CLANG_WARN_ENUM_CONVERSION = YES;
				CLANG_WARN_INFINITE_RECURSION = YES;
				CLANG_WARN_INT_CONVERSION = YES;
				CLANG_WARN_NON_LITERAL_NULL_CONVERSION = YES;
				CLANG_WARN_OBJC_IMPLICIT_RETAIN_SELF = YES;
				CLANG_WARN_OBJC_LITERAL_CONVERSION = YES;
				CLANG_WARN_OBJC_ROOT_CLASS = YES_ERROR;
				CLANG_WARN_QUOTED_INCLUDE_IN_FRAMEWORK_HEADER = YES;
				CLANG_WARN_RANGE_LOOP_ANALYSIS = YES;
				CLANG_WARN_STRICT_PROTOTYPES = YES;
				CLANG_WARN_SUSPICIOUS_MOVE = YES;
				CLANG_WARN_UNGUARDED_AVAILABILITY = YES_AGGRESSIVE;
				CLANG_WARN_UNREACHABLE_CODE = YES;
				CLANG_WARN__DUPLICATE_METHOD_MATCH = YES;
				COPY_PHASE_STRIP = NO;
				DEBUG_INFORMATION_FORMAT = "dwarf-with-dsym";
				ENABLE_NS_ASSERTIONS = NO;
				ENABLE_STRICT_OBJC_MSGSEND = YES;
				GCC_C_LANGUAGE_STANDARD = gnu11;
				GCC_NO_COMMON_BLOCKS = YES;
				GCC_WARN_64_TO_32_BIT_CONVERSION = YES;
				GCC_WARN_ABOUT_RETURN_TYPE = YES_ERROR;
				GCC_WARN_UNDECLARED_SELECTOR = YES;
				GCC_WARN_UNINITIALIZED_AUTOS = YES_AGGRESSIVE;
				GCC_WARN_UNUSED_FUNCTION = YES;
				GCC_WARN_UNUSED_VARIABLE = YES;
				IPHONEOS_DEPLOYMENT_TARGET = 15.5;
				MTL_ENABLE_DEBUG_INFO = NO;
				MTL_FAST_MATH = YES;
				SDKROOT = iphoneos;
				SWIFT_COMPILATION_MODE = wholemodule;
				SWIFT_OPTIMIZATION_LEVEL = "-O";
				VALIDATE_PRODUCT = YES;
			};
			name = Release;
		};
		32D6CFFA286342DB00B79552 /* Debug */ = {
			isa = XCBuildConfiguration;
			buildSettings = {
				ASSETCATALOG_COMPILER_APPICON_NAME = AppIcon;
				ASSETCATALOG_COMPILER_GLOBAL_ACCENT_COLOR_NAME = AccentColor;
				CODE_SIGN_STYLE = Automatic;
				CURRENT_PROJECT_VERSION = 1;
				GENERATE_INFOPLIST_FILE = YES;
				INFOPLIST_FILE = "HomeWork 10 Race 2D/Info.plist";
				INFOPLIST_KEY_UIApplicationSupportsIndirectInputEvents = YES;
				INFOPLIST_KEY_UILaunchStoryboardName = LaunchScreen;
				INFOPLIST_KEY_UIMainStoryboardFile = Main;
				INFOPLIST_KEY_UISupportedInterfaceOrientations_iPad = "UIInterfaceOrientationPortrait UIInterfaceOrientationPortraitUpsideDown UIInterfaceOrientationLandscapeLeft UIInterfaceOrientationLandscapeRight";
				INFOPLIST_KEY_UISupportedInterfaceOrientations_iPhone = "UIInterfaceOrientationPortrait UIInterfaceOrientationLandscapeLeft UIInterfaceOrientationLandscapeRight";
				LD_RUNPATH_SEARCH_PATHS = (
					"$(inherited)",
					"@executable_path/Frameworks",
				);
				MARKETING_VERSION = 1.0;
				PRODUCT_BUNDLE_IDENTIFIER = "AlexanderYankuliov.HomeWork-10-Race-2D";
				PRODUCT_NAME = "$(TARGET_NAME)";
				SWIFT_EMIT_LOC_STRINGS = YES;
				SWIFT_VERSION = 5.0;
				TARGETED_DEVICE_FAMILY = 1;
			};
			name = Debug;
		};
		32D6CFFB286342DB00B79552 /* Release */ = {
			isa = XCBuildConfiguration;
			buildSettings = {
				ASSETCATALOG_COMPILER_APPICON_NAME = AppIcon;
				ASSETCATALOG_COMPILER_GLOBAL_ACCENT_COLOR_NAME = AccentColor;
				CODE_SIGN_STYLE = Automatic;
				CURRENT_PROJECT_VERSION = 1;
				GENERATE_INFOPLIST_FILE = YES;
				INFOPLIST_FILE = "HomeWork 10 Race 2D/Info.plist";
				INFOPLIST_KEY_UIApplicationSupportsIndirectInputEvents = YES;
				INFOPLIST_KEY_UILaunchStoryboardName = LaunchScreen;
				INFOPLIST_KEY_UIMainStoryboardFile = Main;
				INFOPLIST_KEY_UISupportedInterfaceOrientations_iPad = "UIInterfaceOrientationPortrait UIInterfaceOrientationPortraitUpsideDown UIInterfaceOrientationLandscapeLeft UIInterfaceOrientationLandscapeRight";
				INFOPLIST_KEY_UISupportedInterfaceOrientations_iPhone = "UIInterfaceOrientationPortrait UIInterfaceOrientationLandscapeLeft UIInterfaceOrientationLandscapeRight";
				LD_RUNPATH_SEARCH_PATHS = (
					"$(inherited)",
					"@executable_path/Frameworks",
				);
				MARKETING_VERSION = 1.0;
				PRODUCT_BUNDLE_IDENTIFIER = "AlexanderYankuliov.HomeWork-10-Race-2D";
				PRODUCT_NAME = "$(TARGET_NAME)";
				SWIFT_EMIT_LOC_STRINGS = YES;
				SWIFT_VERSION = 5.0;
				TARGETED_DEVICE_FAMILY = 1;
			};
			name = Release;
		};
/* End XCBuildConfiguration section */

/* Begin XCConfigurationList section */
		32D6CFE0286342DA00B79552 /* Build configuration list for PBXProject "HomeWork 10 Race 2D" */ = {
			isa = XCConfigurationList;
			buildConfigurations = (
				32D6CFF7286342DB00B79552 /* Debug */,
				32D6CFF8286342DB00B79552 /* Release */,
			);
			defaultConfigurationIsVisible = 0;
			defaultConfigurationName = Release;
		};
		32D6CFF9286342DB00B79552 /* Build configuration list for PBXNativeTarget "HomeWork 10 Race 2D" */ = {
			isa = XCConfigurationList;
			buildConfigurations = (
				32D6CFFA286342DB00B79552 /* Debug */,
				32D6CFFB286342DB00B79552 /* Release */,
			);
			defaultConfigurationIsVisible = 0;
			defaultConfigurationName = Release;
		};
/* End XCConfigurationList section */
	};
	rootObject = 32D6CFDD286342DA00B79552 /* Project object */;
}
